<?xml version="1.0" encoding="utf-8"?>
<Project ToolsVersion="4.0" xmlns="http://schemas.microsoft.com/developer/msbuild/2003">
  <ItemGroup>
    <Filter Include="headers">
      <UniqueIdentifier>{7e8c2e49-a371-4919-9ce5-16ac28807254}</UniqueIdentifier>
    </Filter>
    <Filter Include="tests">
      <UniqueIdentifier>{bf31fdcb-9562-4424-9a22-3343afcac5d4}</UniqueIdentifier>
    </Filter>
  </ItemGroup>
  <ItemGroup>
    <ClInclude Include="src\libguarded\ordered_guarded.hpp">
      <Filter>headers</Filter>
    </ClInclude>
    <ClInclude Include="src\libguarded\rcu_guarded.hpp">
      <Filter>headers</Filter>
    </ClInclude>
    <ClInclude Include="src\libguarded\rcu_list.hpp">
      <Filter>headers</Filter>
    </ClInclude>
    <ClInclude Include="src\libguarded\cow_guarded.hpp">
      <Filter>headers</Filter>
    </ClInclude>
    <ClInclude Include="src\libguarded\deferred_guarded.hpp">
      <Filter>headers</Filter>
    </ClInclude>
    <ClInclude Include="src\libguarded\guarded.hpp">
      <Filter>headers</Filter>
    </ClInclude>
    <ClInclude Include="src\libguarded\lr_guarded.hpp">
      <Filter>headers</Filter>
    </ClInclude>
    <ClInclude Include="src\libguarded\shared_guarded.hpp">
      <Filter>headers</Filter>
    </ClInclude>
  </ItemGroup>
  <ItemGroup>
    <ClCompile Include="test\guarded.cpp">
      <Filter>tests</Filter>
    </ClCompile>
  </ItemGroup>
  <ItemGroup>
    <None Include="packages.config" />
  </ItemGroup>
</Project>